<?xml version="1.0" encoding="UTF-8" standalone="yes" ?>
<CodeBlocks_project_file>
	<FileVersion major="1" minor="6" />
	<Project>
		<Option title="Abstract Factory" />
		<Option pch_mode="2" />
		<Option compiler="gcc" />
		<Build>
			<Target title="Debug">
				<Option output="bin/Debug/Abstract Factory" prefix_auto="1" extension_auto="1" />
				<Option object_output="obj/Debug/" />
				<Option type="1" />
				<Option compiler="gcc" />
				<Compiler>
					<Add option="-g" />
				</Compiler>
			</Target>
			<Target title="Release">
				<Option output="bin/Release/Abstract Factory" prefix_auto="1" extension_auto="1" />
				<Option object_output="obj/Release/" />
				<Option type="1" />
				<Option compiler="gcc" />
				<Compiler>
					<Add option="-O2" />
				</Compiler>
				<Linker>
					<Add option="-s" />
				</Linker>
			</Target>
		</Build>
		<Compiler>
			<Add option="-Wall" />
			<Add option="-fexceptions" />
		</Compiler>
		<Unit filename="include/herbe.h" />
		<Unit filename="src/herbepourcuisson.cpp" />
		<Unit filename="include/herbepourcuisson.h" />
		<Unit filename="src/herbepourpotage.cpp" />
		<Unit filename="include/herbepourpotage.h" />
		<Unit filename="src/herbepoursalade.cpp" />
		<Unit filename="include/herbepoursalade.h" />
		<Unit filename="src/herbepourvapeur.cpp" />
		<Unit filename="include/herbepourvapeur.h" />
		<Unit filename="include/huile.h" />
		<Unit filename="src/huilepourcuisson.cpp" />
		<Unit filename="include/huilepourcuisson.h" />
		<Unit filename="src/huilepourpotage.cpp" />
		<Unit filename="include/huilepourpotage.h" />
		<Unit filename="src/huilepoursalade.cpp" />
		<Unit filename="include/huilepoursalade.h" />
		<Unit filename="src/huilepourvapeur.cpp" />
		<Unit filename="include/huilepourvapeur.h" />
		<Unit filename="include/ingredientfactory.h" />
		<Unit filename="src/ingredientpourcuissonfactory.cpp" />
		<Unit filename="include/ingredientpourcuissonfactory.h" />
		<Unit filename="src/ingredientpourpotagefactory.cpp" />
		<Unit filename="include/ingredientpourpotagefactory.h" />
		<Unit filename="src/ingredientpoursaladefactory.cpp" />
		<Unit filename="include/ingredientpoursaladefactory.h" />
		<Unit filename="src/ingredientpourvapeurfactory.cpp" />
		<Unit filename="include/ingredientpourvapeurfactory.h" />
		<Unit filename="include/legume.h" />
		<Unit filename="src/legumepourcuisson.cpp" />
		<Unit filename="include/legumepourcuisson.h" />
		<Unit filename="src/legumepourpotage.cpp" />
		<Unit filename="include/legumepourpotage.h" />
		<Unit filename="src/legumepoursalade.cpp" />
		<Unit filename="include/legumepoursalade.h" />
		<Unit filename="src/legumepourvapeur.cpp" />
		<Unit filename="include/legumepourvapeur.h" />
		<Unit filename="main.cpp" />
		<Unit filename="include/typeingredient.h" />
		<Extensions>
			<code_completion />
			<envvars />
			<debugger />
		</Extensions>
	</Project>
</CodeBlocks_project_file>
